{
  "name": "shopify-starter",
  "version": "1.0.0",
  "lockfileVersion": 3,
  "requires": true,
  "packages": {
    "": {
      "name": "shopify-starter",
      "version": "1.0.0",
      "license": "ISC",
      "dependencies": {
        "@studio-freight/lenis": "^1.0.27",
        "gsap": "^3.12.2",
        "splitting": "^1.0.6"
      }
    },
    "node_modules/@studio-freight/lenis": {
      "version": "1.0.27",
      "resolved": "https://registry.npmjs.org/@studio-freight/lenis/-/lenis-1.0.27.tgz",
      "integrity": "sha512-1I6EaWR9rxdFjIJtF52CtETJt9ngfY4AjawrJY5pLxCvHa/lQZ+1v2gTUntwNZkuks6E2It6YEXV6jnpnCZFjA=="
    },
    "node_modules/gsap": {
      "version": "3.12.2",
      "resolved": "https://registry.npmjs.org/gsap/-/gsap-3.12.2.tgz",
      "integrity": "sha512-EkYnpG8qHgYBFAwsgsGEqvT1WUidX0tt/ijepx7z8EUJHElykg91RvW1XbkT59T0gZzzszOpjQv7SE41XuIXyQ=="
    },
    "node_modules/splitting": {
      "version": "1.0.6",
      "resolved": "https://registry.npmjs.org/splitting/-/splitting-1.0.6.tgz",
      "integrity": "sha512-2hYicS/hTy1MgjTi4ST6B298uoLSx854VfTf0FeMmCeE6OiZjEixTOGPLqnNzSaM/y3jwoEYj5pmDzYFwRInPw=="
    }
  }
}
